
Microsoft Visual Studio Solution File, Format Version 12.00
# Visual Studio Version 16
VisualStudioVersion = 16.0.31213.239
MinimumVisualStudioVersion = 10.0.40219.1
Project("{9A19103F-16F7-4668-BE54-9A1E7A4F7556}") = "WebApplication1", "WebApplication1\WebApplication1.csproj", "{438F4F37-8961-4AEF-B5B0-2F0A647C7F28}"
EndProject
Global
	GlobalSection(SolutionConfigurationPlatforms) = preSolution
		Debug|Any CPU = Debug|Any CPU
		Release|Any CPU = Release|Any CPU
	EndGlobalSection
	GlobalSection(ProjectConfigurationPlatforms) = postSolution
		{438F4F37-8961-4AEF-B5B0-2F0A647C7F28}.Debug|Any CPU.ActiveCfg = Debug|Any CPU
		{438F4F37-8961-4AEF-B5B0-2F0A647C7F28}.Debug|Any CPU.Build.0 = Debug|Any CPU
		{438F4F37-8961-4AEF-B5B0-2F0A647C7F28}.Release|Any CPU.ActiveCfg = Release|Any CPU
		{438F4F37-8961-4AEF-B5B0-2F0A647C7F28}.Release|Any CPU.Build.0 = Release|Any CPU
	EndGlobalSection
	GlobalSection(SolutionProperties) = preSolution
		HideSolutionNode = FALSE
	EndGlobalSection
	GlobalSection(ExtensibilityGlobals) = postSolution
		SolutionGuid = {05ED491A-ABDB-450A-82B4-FC212C341529}
	EndGlobalSection
EndGlobal
